// !$*UTF8*$!
{
	archiveVersion = 1;
	classes = {
	};
	objectVersion = 46;
	objects = {

/* Begin PBXBuildFile section */
		A9D1312E1BAB87D5003DD21C /* AppDelegate.swift in Sources */ = {isa = PBXBuildFile; fileRef = A9D1312D1BAB87D5003DD21C /* AppDelegate.swift */; };
		A9D131301BAB87D5003DD21C /* ViewController.swift in Sources */ = {isa = PBXBuildFile; fileRef = A9D1312F1BAB87D5003DD21C /* ViewController.swift */; };
		A9D131331BAB87D5003DD21C /* Main.storyboard in Resources */ = {isa = PBXBuildFile; fileRef = A9D131311BAB87D5003DD21C /* Main.storyboard */; };
		A9D131351BAB87D5003DD21C /* Assets.xcassets in Resources */ = {isa = PBXBuildFile; fileRef = A9D131341BAB87D5003DD21C /* Assets.xcassets */; };
		A9D131381BAB87D5003DD21C /* LaunchScreen.storyboard in Resources */ = {isa = PBXBuildFile; fileRef = A9D131361BAB87D5003DD21C /* LaunchScreen.storyboard */; };
/* End PBXBuildFile section */

/* Begin PBXFileReference section */
		A9D1312A1BAB87D5003DD21C /* FlickFinder.app */ = {isa = PBXFileReference; explicitFileType = wrapper.application; includeInIndex = 0; path = FlickFinder.app; sourceTree = BUILT_PRODUCTS_DIR; };
		A9D1312D1BAB87D5003DD21C /* AppDelegate.swift */ = {isa = PBXFileReference; lastKnownFileType = sourcecode.swift; path = AppDelegate.swift; sourceTree = "<group>"; };
		A9D1312F1BAB87D5003DD21C /* ViewController.swift */ = {isa = PBXFileReference; lastKnownFileType = sourcecode.swift; path = ViewController.swift; sourceTree = "<group>"; };
		A9D131321BAB87D5003DD21C /* Base */ = {isa = PBXFileReference; lastKnownFileType = file.storyboard; name = Base; path = Base.lproj/Main.storyboard; sourceTree = "<group>"; };
		A9D131341BAB87D5003DD21C /* Assets.xcassets */ = {isa = PBXFileReference; lastKnownFileType = folder.assetcatalog; path = Assets.xcassets; sourceTree = "<group>"; };
		A9D131371BAB87D5003DD21C /* Base */ = {isa = PBXFileReference; lastKnownFileType = file.storyboard; name = Base; path = Base.lproj/LaunchScreen.storyboard; sourceTree = "<group>"; };
		A9D131391BAB87D5003DD21C /* Info.plist */ = {isa = PBXFileReference; lastKnownFileType = text.plist.xml; path = Info.plist; sourceTree = "<group>"; };
/* End PBXFileReference section */

/* Begin PBXFrameworksBuildPhase section */
		A9D131271BAB87D5003DD21C /* Frameworks */ = {
			isa = PBXFrameworksBuildPhase;
			buildActionMask = 2147483647;
			files = (
			);
			runOnlyForDeploymentPostprocessing = 0;
		};
/* End PBXFrameworksBuildPhase section */

/* Begin PBXGroup section */
		A9D131211BAB87D5003DD21C = {
			isa = PBXGroup;
			children = (
				A9D1312C1BAB87D5003DD21C /* FlickFinder */,
				A9D1312B1BAB87D5003DD21C /* Products */,
			);
			sourceTree = "<group>";
		};
		A9D1312B1BAB87D5003DD21C /* Products */ = {
			isa = PBXGroup;
			children = (
				A9D1312A1BAB87D5003DD21C /* FlickFinder.app */,
			);
			name = Products;
			sourceTree = "<group>";
		};
		A9D1312C1BAB87D5003DD21C /* FlickFinder */ = {
			isa = PBXGroup;
			children = (
				A9D1312D1BAB87D5003DD21C /* AppDelegate.swift */,
				A9D1312F1BAB87D5003DD21C /* ViewController.swift */,
				A9D131311BAB87D5003DD21C /* Main.storyboard */,
				A9D131341BAB87D5003DD21C /* Assets.xcassets */,
				A9D131361BAB87D5003DD21C /* LaunchScreen.storyboard */,
				A9D131391BAB87D5003DD21C /* Info.plist */,
			);
			path = FlickFinder;
			sourceTree = "<group>";
		};
/* End PBXGroup section */

/* Begin PBXNativeTarget section */
		A9D131291BAB87D5003DD21C /* FlickFinder */ = {
			isa = PBXNativeTarget;
			buildConfigurationList = A9D1313C1BAB87D5003DD21C /* Build configuration list for PBXNativeTarget "FlickFinder" */;
			buildPhases = (
				A9D131261BAB87D5003DD21C /* Sources */,
				A9D131271BAB87D5003DD21C /* Frameworks */,
				A9D131281BAB87D5003DD21C /* Resources */,
			);
			buildRules = (
			);
			dependencies = (
			);
			name = FlickFinder;
			productName = FlickFinder;
			productReference = A9D1312A1BAB87D5003DD21C /* FlickFinder.app */;
			productType = "com.apple.product-type.application";
		};
/* End PBXNativeTarget section */

/* Begin PBXProject section */
		A9D131221BAB87D5003DD21C /* Project object */ = {
			isa = PBXProject;
			attributes = {
				LastUpgradeCheck = 0700;
				ORGANIZATIONNAME = "Bill Dawson";
				TargetAttributes = {
					A9D131291BAB87D5003DD21C = {
						CreatedOnToolsVersion = 7.0;
					};
				};
			};
			buildConfigurationList = A9D131251BAB87D5003DD21C /* Build configuration list for PBXProject "FlickFinder" */;
			compatibilityVersion = "Xcode 3.2";
			developmentRegion = English;
			hasScannedForEncodings = 0;
			knownRegions = (
				en,
				Base,
			);
			mainGroup = A9D131211BAB87D5003DD21C;
			productRefGroup = A9D1312B1BAB87D5003DD21C /* Products */;
			projectDirPath = "";
			projectRoot = "";
			targets = (
				A9D131291BAB87D5003DD21C /* FlickFinder */,
			);
		};
/* End PBXProject section */

/* Begin PBXResourcesBuildPhase section */
		A9D131281BAB87D5003DD21C /* Resources */ = {
			isa = PBXResourcesBuildPhase;
			buildActionMask = 2147483647;
			files = (
				A9D131381BAB87D5003DD21C /* LaunchScreen.storyboard in Resources */,
				A9D131351BAB87D5003DD21C /* Assets.xcassets in Resources */,
				A9D131331BAB87D5003DD21C /* Main.storyboard in Resources */,
			);
			runOnlyForDeploymentPostprocessing = 0;
		};
/* End PBXResourcesBuildPhase section */

/* Begin PBXSourcesBuildPhase section */
		A9D131261BAB87D5003DD21C /* Sources */ = {
			isa = PBXSourcesBuildPhase;
			buildActionMask = 2147483647;
			files = (
				A9D131301BAB87D5003DD21C /* ViewController.swift in Sources */,
				A9D1312E1BAB87D5003DD21C /* AppDelegate.swift in Sources */,
			);
			runOnlyForDeploymentPostprocessing = 0;
		};
/* End PBXSourcesBuildPhase section */

/* Begin PBXVariantGroup section */
		A9D131311BAB87D5003DD21C /* Main.storyboard */ = {
			isa = PBXVariantGroup;
			children = (
				A9D131321BAB87D5003DD21C /* Base */,
			);
			name = Main.storyboard;
			sourceTree = "<group>";
		};
		A9D131361BAB87D5003DD21C /* LaunchScreen.storyboard */ = {
			isa = PBXVariantGroup;
			children = (
				A9D131371BAB87D5003DD21C /* Base */,
			);
			name = LaunchScreen.storyboard;
			sourceTree = "<group>";
		};
/* End PBXVariantGroup section */

/* Begin XCBuildConfiguration section */
		A9D1313A1BAB87D5003DD21C /* Debug */ = {
			isa = XCBuildConfiguration;
			buildSettings = {
				ALWAYS_SEARCH_USER_PATHS = NO;
				CLANG_CXX_LANGUAGE_STANDARD = "gnu++0x";
				CLANG_CXX_LIBRARY = "libc++";
				CLANG_ENABLE_MODULES = YES;
				CLANG_ENABLE_OBJC_ARC = YES;
				CLANG_WARN_BOOL_CONVERSION = YES;
				CLANG_WARN_CONSTANT_CONVERSION = YES;
				CLANG_WARN_DIRECT_OBJC_ISA_USAGE = YES_ERROR;
				CLANG_WARN_EMPTY_BODY = YES;
				CLANG_WARN_ENUM_CONVERSION = YES;
				CLANG_WARN_INT_CONVERSION = YES;
				CLANG_WARN_OBJC_ROOT_CLASS = YES_ERROR;
				CLANG_WARN_UNREACHABLE_CODE = YES;
				CLANG_WARN__DUPLICATE_METHOD_MATCH = YES;
				"CODE_SIGN_IDENTITY[sdk=iphoneos*]" = "iPhone Developer";
				COPY_PHASE_STRIP = NO;
				DEBUG_INFORMATION_FORMAT = dwarf;
				ENABLE_STRICT_OBJC_MSGSEND = YES;
				ENABLE_TESTABILITY = YES;
				GCC_C_LANGUAGE_STANDARD = gnu99;
				GCC_DYNAMIC_NO_PIC = NO;
				GCC_NO_COMMON_BLOCKS = YES;
				GCC_OPTIMIZATION_LEVEL = 0;
				GCC_PREPROCESSOR_DEFINITIONS = (
					"DEBUG=1",
					"$(inherited)",
				);
				GCC_WARN_64_TO_32_BIT_CONVERSION = YES;
				GCC_WARN_ABOUT_RETURN_TYPE = YES_ERROR;
				GCC_WARN_UNDECLARED_SELECTOR = YES;
				GCC_WARN_UNINITIALIZED_AUTOS = YES_AGGRESSIVE;
				GCC_WARN_UNUSED_FUNCTION = YES;
				GCC_WARN_UNUSED_VARIABLE = YES;
				IPHONEOS_DEPLOYMENT_TARGET = 9.0;
				MTL_ENABLE_DEBUG_INFO = YES;
				ONLY_ACTIVE_ARCH = YES;
				SDKROOT = iphoneos;
				SWIFT_OPTIMIZATION_LEVEL = "-Onone";
				TARGETED_DEVICE_FAMILY = "1,2";
			};
			name = Debug;
		};
		A9D1313B1BAB87D5003DD21C /* Release */ = {
			isa = XCBuildConfiguration;
			buildSettings = {
				ALWAYS_SEARCH_USER_PATHS = NO;
				CLANG_CXX_LANGUAGE_STANDARD = "gnu++0x";
				CLANG_CXX_LIBRARY = "libc++";
				CLANG_ENABLE_MODULES = YES;
				CLANG_ENABLE_OBJC_ARC = YES;
				CLANG_WARN_BOOL_CONVERSION = YES;
				CLANG_WARN_CONSTANT_CONVERSION = YES;
				CLANG_WARN_DIRECT_OBJC_ISA_USAGE = YES_ERROR;
				CLANG_WARN_EMPTY_BODY = YES;
				CLANG_WARN_ENUM_CONVERSION = YES;
				CLANG_WARN_INT_CONVERSION = YES;
				CLANG_WARN_OBJC_ROOT_CLASS = YES_ERROR;
				CLANG_WARN_UNREACHABLE_CODE = YES;
				CLANG_WARN__DUPLICATE_METHOD_MATCH = YES;
				"CODE_SIGN_IDENTITY[sdk=iphoneos*]" = "iPhone Developer";
				COPY_PHASE_STRIP = NO;
				DEBUG_INFORMATION_FORMAT = "dwarf-with-dsym";
				ENABLE_NS_ASSERTIONS = NO;
				ENABLE_STRICT_OBJC_MSGSEND = YES;
				GCC_C_LANGUAGE_STANDARD = gnu99;
				GCC_NO_COMMON_BLOCKS = YES;
				GCC_WARN_64_TO_32_BIT_CONVERSION = YES;
				GCC_WARN_ABOUT_RETURN_TYPE = YES_ERROR;
				GCC_WARN_UNDECLARED_SELECTOR = YES;
				GCC_WARN_UNINITIALIZED_AUTOS = YES_AGGRESSIVE;
				GCC_WARN_UNUSED_FUNCTION = YES;
				GCC_WARN_UNUSED_VARIABLE = YES;
				IPHONEOS_DEPLOYMENT_TARGET = 9.0;
				MTL_ENABLE_DEBUG_INFO = NO;
				SDKROOT = iphoneos;
				TARGETED_DEVICE_FAMILY = "1,2";
				VALIDATE_PRODUCT = YES;
			};
			name = Release;
		};
		A9D1313D1BAB87D5003DD21C /* Debug */ = {
			isa = XCBuildConfiguration;
			buildSettings = {
				ASSETCATALOG_COMPILER_APPICON_NAME = AppIcon;
				INFOPLIST_FILE = FlickFinder/Info.plist;
				LD_RUNPATH_SEARCH_PATHS = "$(inherited) @executable_path/Frameworks";
				PRODUCT_BUNDLE_IDENTIFIER = com.billdawson.FlickFinder;
				PRODUCT_NAME = "$(TARGET_NAME)";
			};
			name = Debug;
		};
		A9D1313E1BAB87D5003DD21C /* Release */ = {
			isa = XCBuildConfiguration;
			buildSettings = {
				ASSETCATALOG_COMPILER_APPICON_NAME = AppIcon;
				INFOPLIST_FILE = FlickFinder/Info.plist;
				LD_RUNPATH_SEARCH_PATHS = "$(inherited) @executable_path/Frameworks";
				PRODUCT_BUNDLE_IDENTIFIER = com.billdawson.FlickFinder;
				PRODUCT_NAME = "$(TARGET_NAME)";
			};
			name = Release;
		};
/* End XCBuildConfiguration section */

/* Begin XCConfigurationList section */
		A9D131251BAB87D5003DD21C /* Build configuration list for PBXProject "FlickFinder" */ = {
			isa = XCConfigurationList;
			buildConfigurations = (
				A9D1313A1BAB87D5003DD21C /* Debug */,
				A9D1313B1BAB87D5003DD21C /* Release */,
			);
			defaultConfigurationIsVisible = 0;
			defaultConfigurationName = Release;
		};
		A9D1313C1BAB87D5003DD21C /* Build configuration list for PBXNativeTarget "FlickFinder" */ = {
			isa = XCConfigurationList;
			buildConfigurations = (
				A9D1313D1BAB87D5003DD21C /* Debug */,
				A9D1313E1BAB87D5003DD21C /* Release */,
			);
			defaultConfigurationIsVisible = 0;
		};
/* End XCConfigurationList section */
	};
	rootObject = A9D131221BAB87D5003DD21C /* Project object */;
}
